
Microsoft Visual Studio Solution File, Format Version 12.00
# Visual Studio Version 16
VisualStudioVersion = 16.0.31205.134
MinimumVisualStudioVersion = 10.0.40219.1
Project("{FAE04EC0-301F-11D3-BF4B-00C04F79EFBC}") = "WebAPICore5", "WebAPICore5\WebAPICore5.csproj", "{DDDC53BE-A88F-4275-B542-3016DBD4B433}"
EndProject
Global
	GlobalSection(SolutionConfigurationPlatforms) = preSolution
		Debug|Any CPU = Debug|Any CPU
		Release|Any CPU = Release|Any CPU
	EndGlobalSection
	GlobalSection(ProjectConfigurationPlatforms) = postSolution
		{DDDC53BE-A88F-4275-B542-3016DBD4B433}.Debug|Any CPU.ActiveCfg = Debug|Any CPU
		{DDDC53BE-A88F-4275-B542-3016DBD4B433}.Debug|Any CPU.Build.0 = Debug|Any CPU
		{DDDC53BE-A88F-4275-B542-3016DBD4B433}.Release|Any CPU.ActiveCfg = Release|Any CPU
		{DDDC53BE-A88F-4275-B542-3016DBD4B433}.Release|Any CPU.Build.0 = Release|Any CPU
	EndGlobalSection
	GlobalSection(SolutionProperties) = preSolution
		HideSolutionNode = FALSE
	EndGlobalSection
	GlobalSection(ExtensibilityGlobals) = postSolution
		SolutionGuid = {A2110164-172E-4E4D-9AB3-481257860188}
	EndGlobalSection
EndGlobal
